
Microsoft Visual Studio Solution File, Format Version 12.00
# Visual Studio Version 17
VisualStudioVersion = 17.2.32616.157
MinimumVisualStudioVersion = 10.0.40219.1
Project("{9A19103F-16F7-4668-BE54-9A1E7A4F7556}") = "StudyCircle.API", "StudyCircle.API\StudyCircle.API.csproj", "{0302B790-B64E-4A33-BBE2-55AE17BC271B}"
EndProject
Project("{9A19103F-16F7-4668-BE54-9A1E7A4F7556}") = "StudyCircle.BusinessLogic", "StudyCircle.BusinessLogic\StudyCircle.BusinessLogic.csproj", "{CF664C5C-53C5-49A6-9ACD-51970DEE907B}"
EndProject
Project("{9A19103F-16F7-4668-BE54-9A1E7A4F7556}") = "StudyCircle.API.Tests", "StudyCircle.API.Tests\StudyCircle.API.Tests.csproj", "{D2B1A77F-1599-43D8-A1AB-A9D3DE677936}"
EndProject
Global
	GlobalSection(SolutionConfigurationPlatforms) = preSolution
		Debug|Any CPU = Debug|Any CPU
		Release|Any CPU = Release|Any CPU
	EndGlobalSection
	GlobalSection(ProjectConfigurationPlatforms) = postSolution
		{0302B790-B64E-4A33-BBE2-55AE17BC271B}.Debug|Any CPU.ActiveCfg = Debug|Any CPU
		{0302B790-B64E-4A33-BBE2-55AE17BC271B}.Debug|Any CPU.Build.0 = Debug|Any CPU
		{0302B790-B64E-4A33-BBE2-55AE17BC271B}.Release|Any CPU.ActiveCfg = Release|Any CPU
		{0302B790-B64E-4A33-BBE2-55AE17BC271B}.Release|Any CPU.Build.0 = Release|Any CPU
		{CF664C5C-53C5-49A6-9ACD-51970DEE907B}.Debug|Any CPU.ActiveCfg = Debug|Any CPU
		{CF664C5C-53C5-49A6-9ACD-51970DEE907B}.Debug|Any CPU.Build.0 = Debug|Any CPU
		{CF664C5C-53C5-49A6-9ACD-51970DEE907B}.Release|Any CPU.ActiveCfg = Release|Any CPU
		{CF664C5C-53C5-49A6-9ACD-51970DEE907B}.Release|Any CPU.Build.0 = Release|Any CPU
		{D2B1A77F-1599-43D8-A1AB-A9D3DE677936}.Debug|Any CPU.ActiveCfg = Debug|Any CPU
		{D2B1A77F-1599-43D8-A1AB-A9D3DE677936}.Debug|Any CPU.Build.0 = Debug|Any CPU
		{D2B1A77F-1599-43D8-A1AB-A9D3DE677936}.Release|Any CPU.ActiveCfg = Release|Any CPU
		{D2B1A77F-1599-43D8-A1AB-A9D3DE677936}.Release|Any CPU.Build.0 = Release|Any CPU
	EndGlobalSection
	GlobalSection(SolutionProperties) = preSolution
		HideSolutionNode = FALSE
	EndGlobalSection
	GlobalSection(ExtensibilityGlobals) = postSolution
		SolutionGuid = {E9E30044-3F5A-4193-A072-6E745737A468}
	EndGlobalSection
EndGlobal
